// !$*UTF8*$!
{
	archiveVersion = 1;
	classes = {
	};
	objectVersion = 50;
	objects = {

/* Begin PBXBuildFile section */
		447AC92C25E0F60700B45793 /* AppDelegate.swift in Sources */ = {isa = PBXBuildFile; fileRef = 447AC92B25E0F60700B45793 /* AppDelegate.swift */; };
		447AC92E25E0F60700B45793 /* SceneDelegate.swift in Sources */ = {isa = PBXBuildFile; fileRef = 447AC92D25E0F60700B45793 /* SceneDelegate.swift */; };
		447AC93325E0F60700B45793 /* Main.storyboard in Resources */ = {isa = PBXBuildFile; fileRef = 447AC93125E0F60700B45793 /* Main.storyboard */; };
		447AC93525E0F60800B45793 /* Assets.xcassets in Resources */ = {isa = PBXBuildFile; fileRef = 447AC93425E0F60800B45793 /* Assets.xcassets */; };
		447AC93825E0F60800B45793 /* LaunchScreen.storyboard in Resources */ = {isa = PBXBuildFile; fileRef = 447AC93625E0F60800B45793 /* LaunchScreen.storyboard */; };
		447AC94925E0FDE000B45793 /* DMSans-Regular.ttf in Resources */ = {isa = PBXBuildFile; fileRef = 447AC94225E0FDE000B45793 /* DMSans-Regular.ttf */; };
		447AC94A25E0FDE000B45793 /* DMSans-Medium.ttf in Resources */ = {isa = PBXBuildFile; fileRef = 447AC94325E0FDE000B45793 /* DMSans-Medium.ttf */; };
		447AC94B25E0FDE000B45793 /* DMSans-Bold.ttf in Resources */ = {isa = PBXBuildFile; fileRef = 447AC94425E0FDE000B45793 /* DMSans-Bold.ttf */; };
		447AC94C25E0FDE000B45793 /* DMSans-BoldItalic.ttf in Resources */ = {isa = PBXBuildFile; fileRef = 447AC94525E0FDE000B45793 /* DMSans-BoldItalic.ttf */; };
		447AC94D25E0FDE000B45793 /* OFL.txt in Resources */ = {isa = PBXBuildFile; fileRef = 447AC94625E0FDE000B45793 /* OFL.txt */; };
		447AC94E25E0FDE000B45793 /* DMSans-MediumItalic.ttf in Resources */ = {isa = PBXBuildFile; fileRef = 447AC94725E0FDE000B45793 /* DMSans-MediumItalic.ttf */; };
		447AC94F25E0FDE000B45793 /* DMSans-Italic.ttf in Resources */ = {isa = PBXBuildFile; fileRef = 447AC94825E0FDE000B45793 /* DMSans-Italic.ttf */; };
		447AC95325E0FF8000B45793 /* SignInController.swift in Sources */ = {isa = PBXBuildFile; fileRef = 447AC95225E0FF8000B45793 /* SignInController.swift */; };
		448A331425E125DE00A947AB /* RecyclerController.swift in Sources */ = {isa = PBXBuildFile; fileRef = 448A331325E125DE00A947AB /* RecyclerController.swift */; };
		44C7D60F25E1D63D007D9BF6 /* DriverController.swift in Sources */ = {isa = PBXBuildFile; fileRef = 44C7D60E25E1D63D007D9BF6 /* DriverController.swift */; };
		44C7D61225E2418A007D9BF6 /* SignUpController.swift in Sources */ = {isa = PBXBuildFile; fileRef = 44C7D61125E2418A007D9BF6 /* SignUpController.swift */; };
		44C7D61725E24839007D9BF6 /* OrderInformationController.swift in Sources */ = {isa = PBXBuildFile; fileRef = 44C7D61625E24839007D9BF6 /* OrderInformationController.swift */; };
		44C7D61A25E25793007D9BF6 /* OrderCheckoutController.swift in Sources */ = {isa = PBXBuildFile; fileRef = 44C7D61925E25793007D9BF6 /* OrderCheckoutController.swift */; };
		44C7D61D25E25FB0007D9BF6 /* SuccessController.swift in Sources */ = {isa = PBXBuildFile; fileRef = 44C7D61C25E25FB0007D9BF6 /* SuccessController.swift */; };
/* End PBXBuildFile section */

/* Begin PBXFileReference section */
		447AC92825E0F60700B45793 /* Go Green.app */ = {isa = PBXFileReference; explicitFileType = wrapper.application; includeInIndex = 0; path = "Go Green.app"; sourceTree = BUILT_PRODUCTS_DIR; };
		447AC92B25E0F60700B45793 /* AppDelegate.swift */ = {isa = PBXFileReference; lastKnownFileType = sourcecode.swift; path = AppDelegate.swift; sourceTree = "<group>"; };
		447AC92D25E0F60700B45793 /* SceneDelegate.swift */ = {isa = PBXFileReference; lastKnownFileType = sourcecode.swift; path = SceneDelegate.swift; sourceTree = "<group>"; };
		447AC93225E0F60700B45793 /* Base */ = {isa = PBXFileReference; lastKnownFileType = file.storyboard; name = Base; path = Base.lproj/Main.storyboard; sourceTree = "<group>"; };
		447AC93425E0F60800B45793 /* Assets.xcassets */ = {isa = PBXFileReference; lastKnownFileType = folder.assetcatalog; path = Assets.xcassets; sourceTree = "<group>"; };
		447AC93725E0F60800B45793 /* Base */ = {isa = PBXFileReference; lastKnownFileType = file.storyboard; name = Base; path = Base.lproj/LaunchScreen.storyboard; sourceTree = "<group>"; };
		447AC93925E0F60800B45793 /* Info.plist */ = {isa = PBXFileReference; lastKnownFileType = text.plist.xml; path = Info.plist; sourceTree = "<group>"; };
		447AC94225E0FDE000B45793 /* DMSans-Regular.ttf */ = {isa = PBXFileReference; lastKnownFileType = file; path = "DMSans-Regular.ttf"; sourceTree = "<group>"; };
		447AC94325E0FDE000B45793 /* DMSans-Medium.ttf */ = {isa = PBXFileReference; lastKnownFileType = file; path = "DMSans-Medium.ttf"; sourceTree = "<group>"; };
		447AC94425E0FDE000B45793 /* DMSans-Bold.ttf */ = {isa = PBXFileReference; lastKnownFileType = file; path = "DMSans-Bold.ttf"; sourceTree = "<group>"; };
		447AC94525E0FDE000B45793 /* DMSans-BoldItalic.ttf */ = {isa = PBXFileReference; lastKnownFileType = file; path = "DMSans-BoldItalic.ttf"; sourceTree = "<group>"; };
		447AC94625E0FDE000B45793 /* OFL.txt */ = {isa = PBXFileReference; fileEncoding = 4; lastKnownFileType = text; path = OFL.txt; sourceTree = "<group>"; };
		447AC94725E0FDE000B45793 /* DMSans-MediumItalic.ttf */ = {isa = PBXFileReference; lastKnownFileType = file; path = "DMSans-MediumItalic.ttf"; sourceTree = "<group>"; };
		447AC94825E0FDE000B45793 /* DMSans-Italic.ttf */ = {isa = PBXFileReference; lastKnownFileType = file; path = "DMSans-Italic.ttf"; sourceTree = "<group>"; };
		447AC95225E0FF8000B45793 /* SignInController.swift */ = {isa = PBXFileReference; lastKnownFileType = sourcecode.swift; path = SignInController.swift; sourceTree = "<group>"; };
		448A331325E125DE00A947AB /* RecyclerController.swift */ = {isa = PBXFileReference; lastKnownFileType = sourcecode.swift; path = RecyclerController.swift; sourceTree = "<group>"; };
		44C7D60E25E1D63D007D9BF6 /* DriverController.swift */ = {isa = PBXFileReference; lastKnownFileType = sourcecode.swift; path = DriverController.swift; sourceTree = "<group>"; };
		44C7D61125E2418A007D9BF6 /* SignUpController.swift */ = {isa = PBXFileReference; lastKnownFileType = sourcecode.swift; path = SignUpController.swift; sourceTree = "<group>"; };
		44C7D61625E24839007D9BF6 /* OrderInformationController.swift */ = {isa = PBXFileReference; lastKnownFileType = sourcecode.swift; path = OrderInformationController.swift; sourceTree = "<group>"; };
		44C7D61925E25793007D9BF6 /* OrderCheckoutController.swift */ = {isa = PBXFileReference; lastKnownFileType = sourcecode.swift; path = OrderCheckoutController.swift; sourceTree = "<group>"; };
		44C7D61C25E25FB0007D9BF6 /* SuccessController.swift */ = {isa = PBXFileReference; lastKnownFileType = sourcecode.swift; path = SuccessController.swift; sourceTree = "<group>"; };
/* End PBXFileReference section */

/* Begin PBXFrameworksBuildPhase section */
		447AC92525E0F60700B45793 /* Frameworks */ = {
			isa = PBXFrameworksBuildPhase;
			buildActionMask = 2147483647;
			files = (
			);
			runOnlyForDeploymentPostprocessing = 0;
		};
/* End PBXFrameworksBuildPhase section */

/* Begin PBXGroup section */
		447AC91F25E0F60700B45793 = {
			isa = PBXGroup;
			children = (
				447AC92A25E0F60700B45793 /* Go Green */,
				447AC92925E0F60700B45793 /* Products */,
			);
			sourceTree = "<group>";
		};
		447AC92925E0F60700B45793 /* Products */ = {
			isa = PBXGroup;
			children = (
				447AC92825E0F60700B45793 /* Go Green.app */,
			);
			name = Products;
			sourceTree = "<group>";
		};
		447AC92A25E0F60700B45793 /* Go Green */ = {
			isa = PBXGroup;
			children = (
				447AC95525E1044D00B45793 /* Controllers */,
				447AC94025E0FDA900B45793 /* Fonts */,
				447AC92B25E0F60700B45793 /* AppDelegate.swift */,
				447AC92D25E0F60700B45793 /* SceneDelegate.swift */,
				447AC93125E0F60700B45793 /* Main.storyboard */,
				447AC93425E0F60800B45793 /* Assets.xcassets */,
				447AC93625E0F60800B45793 /* LaunchScreen.storyboard */,
				447AC93925E0F60800B45793 /* Info.plist */,
			);
			path = "Go Green";
			sourceTree = "<group>";
		};
		447AC94025E0FDA900B45793 /* Fonts */ = {
			isa = PBXGroup;
			children = (
				447AC94125E0FDE000B45793 /* DM_Sans */,
			);
			path = Fonts;
			sourceTree = "<group>";
		};
		447AC94125E0FDE000B45793 /* DM_Sans */ = {
			isa = PBXGroup;
			children = (
				447AC94225E0FDE000B45793 /* DMSans-Regular.ttf */,
				447AC94325E0FDE000B45793 /* DMSans-Medium.ttf */,
				447AC94425E0FDE000B45793 /* DMSans-Bold.ttf */,
				447AC94525E0FDE000B45793 /* DMSans-BoldItalic.ttf */,
				447AC94625E0FDE000B45793 /* OFL.txt */,
				447AC94725E0FDE000B45793 /* DMSans-MediumItalic.ttf */,
				447AC94825E0FDE000B45793 /* DMSans-Italic.ttf */,
			);
			name = DM_Sans;
			path = ../../../../Downloads/DM_Sans;
			sourceTree = "<group>";
		};
		447AC95525E1044D00B45793 /* Controllers */ = {
			isa = PBXGroup;
			children = (
				44C7D62025E26324007D9BF6 /* Authentication */,
				44C7D61F25E2631F007D9BF6 /* Recycler */,
				44C7D60E25E1D63D007D9BF6 /* DriverController.swift */,
				44C7D61C25E25FB0007D9BF6 /* SuccessController.swift */,
			);
			path = Controllers;
			sourceTree = "<group>";
		};
		44C7D61F25E2631F007D9BF6 /* Recycler */ = {
			isa = PBXGroup;
			children = (
				448A331325E125DE00A947AB /* RecyclerController.swift */,
				44C7D61625E24839007D9BF6 /* OrderInformationController.swift */,
				44C7D61925E25793007D9BF6 /* OrderCheckoutController.swift */,
			);
			path = Recycler;
			sourceTree = "<group>";
		};
		44C7D62025E26324007D9BF6 /* Authentication */ = {
			isa = PBXGroup;
			children = (
				447AC95225E0FF8000B45793 /* SignInController.swift */,
				44C7D61125E2418A007D9BF6 /* SignUpController.swift */,
			);
			path = Authentication;
			sourceTree = "<group>";
		};
/* End PBXGroup section */

/* Begin PBXNativeTarget section */
		447AC92725E0F60700B45793 /* Go Green */ = {
			isa = PBXNativeTarget;
			buildConfigurationList = 447AC93C25E0F60800B45793 /* Build configuration list for PBXNativeTarget "Go Green" */;
			buildPhases = (
				447AC92425E0F60700B45793 /* Sources */,
				447AC92525E0F60700B45793 /* Frameworks */,
				447AC92625E0F60700B45793 /* Resources */,
			);
			buildRules = (
			);
			dependencies = (
			);
			name = "Go Green";
			productName = "Go Green";
			productReference = 447AC92825E0F60700B45793 /* Go Green.app */;
			productType = "com.apple.product-type.application";
		};
/* End PBXNativeTarget section */

/* Begin PBXProject section */
		447AC92025E0F60700B45793 /* Project object */ = {
			isa = PBXProject;
			attributes = {
				LastSwiftUpdateCheck = 1240;
				LastUpgradeCheck = 1240;
				TargetAttributes = {
					447AC92725E0F60700B45793 = {
						CreatedOnToolsVersion = 12.4;
					};
				};
			};
			buildConfigurationList = 447AC92325E0F60700B45793 /* Build configuration list for PBXProject "Go Green" */;
			compatibilityVersion = "Xcode 9.3";
			developmentRegion = en;
			hasScannedForEncodings = 0;
			knownRegions = (
				en,
				Base,
			);
			mainGroup = 447AC91F25E0F60700B45793;
			productRefGroup = 447AC92925E0F60700B45793 /* Products */;
			projectDirPath = "";
			projectRoot = "";
			targets = (
				447AC92725E0F60700B45793 /* Go Green */,
			);
		};
/* End PBXProject section */

/* Begin PBXResourcesBuildPhase section */
		447AC92625E0F60700B45793 /* Resources */ = {
			isa = PBXResourcesBuildPhase;
			buildActionMask = 2147483647;
			files = (
				447AC94A25E0FDE000B45793 /* DMSans-Medium.ttf in Resources */,
				447AC94B25E0FDE000B45793 /* DMSans-Bold.ttf in Resources */,
				447AC94F25E0FDE000B45793 /* DMSans-Italic.ttf in Resources */,
				447AC94C25E0FDE000B45793 /* DMSans-BoldItalic.ttf in Resources */,
				447AC94E25E0FDE000B45793 /* DMSans-MediumItalic.ttf in Resources */,
				447AC93825E0F60800B45793 /* LaunchScreen.storyboard in Resources */,
				447AC93525E0F60800B45793 /* Assets.xcassets in Resources */,
				447AC93325E0F60700B45793 /* Main.storyboard in Resources */,
				447AC94D25E0FDE000B45793 /* OFL.txt in Resources */,
				447AC94925E0FDE000B45793 /* DMSans-Regular.ttf in Resources */,
			);
			runOnlyForDeploymentPostprocessing = 0;
		};
/* End PBXResourcesBuildPhase section */

/* Begin PBXSourcesBuildPhase section */
		447AC92425E0F60700B45793 /* Sources */ = {
			isa = PBXSourcesBuildPhase;
			buildActionMask = 2147483647;
			files = (
				448A331425E125DE00A947AB /* RecyclerController.swift in Sources */,
				44C7D60F25E1D63D007D9BF6 /* DriverController.swift in Sources */,
				44C7D61725E24839007D9BF6 /* OrderInformationController.swift in Sources */,
				44C7D61D25E25FB0007D9BF6 /* SuccessController.swift in Sources */,
				447AC95325E0FF8000B45793 /* SignInController.swift in Sources */,
				447AC92C25E0F60700B45793 /* AppDelegate.swift in Sources */,
				447AC92E25E0F60700B45793 /* SceneDelegate.swift in Sources */,
				44C7D61A25E25793007D9BF6 /* OrderCheckoutController.swift in Sources */,
				44C7D61225E2418A007D9BF6 /* SignUpController.swift in Sources */,
			);
			runOnlyForDeploymentPostprocessing = 0;
		};
/* End PBXSourcesBuildPhase section */

/* Begin PBXVariantGroup section */
		447AC93125E0F60700B45793 /* Main.storyboard */ = {
			isa = PBXVariantGroup;
			children = (
				447AC93225E0F60700B45793 /* Base */,
			);
			name = Main.storyboard;
			sourceTree = "<group>";
		};
		447AC93625E0F60800B45793 /* LaunchScreen.storyboard */ = {
			isa = PBXVariantGroup;
			children = (
				447AC93725E0F60800B45793 /* Base */,
			);
			name = LaunchScreen.storyboard;
			sourceTree = "<group>";
		};
/* End PBXVariantGroup section */

/* Begin XCBuildConfiguration section */
		447AC93A25E0F60800B45793 /* Debug */ = {
			isa = XCBuildConfiguration;
			buildSettings = {
				ALWAYS_SEARCH_USER_PATHS = NO;
				CLANG_ANALYZER_NONNULL = YES;
				CLANG_ANALYZER_NUMBER_OBJECT_CONVERSION = YES_AGGRESSIVE;
				CLANG_CXX_LANGUAGE_STANDARD = "gnu++14";
				CLANG_CXX_LIBRARY = "libc++";
				CLANG_ENABLE_MODULES = YES;
				CLANG_ENABLE_OBJC_ARC = YES;
				CLANG_ENABLE_OBJC_WEAK = YES;
				CLANG_WARN_BLOCK_CAPTURE_AUTORELEASING = YES;
				CLANG_WARN_BOOL_CONVERSION = YES;
				CLANG_WARN_COMMA = YES;
				CLANG_WARN_CONSTANT_CONVERSION = YES;
				CLANG_WARN_DEPRECATED_OBJC_IMPLEMENTATIONS = YES;
				CLANG_WARN_DIRECT_OBJC_ISA_USAGE = YES_ERROR;
				CLANG_WARN_DOCUMENTATION_COMMENTS = YES;
				CLANG_WARN_EMPTY_BODY = YES;
				CLANG_WARN_ENUM_CONVERSION = YES;
				CLANG_WARN_INFINITE_RECURSION = YES;
				CLANG_WARN_INT_CONVERSION = YES;
				CLANG_WARN_NON_LITERAL_NULL_CONVERSION = YES;
				CLANG_WARN_OBJC_IMPLICIT_RETAIN_SELF = YES;
				CLANG_WARN_OBJC_LITERAL_CONVERSION = YES;
				CLANG_WARN_OBJC_ROOT_CLASS = YES_ERROR;
				CLANG_WARN_QUOTED_INCLUDE_IN_FRAMEWORK_HEADER = YES;
				CLANG_WARN_RANGE_LOOP_ANALYSIS = YES;
				CLANG_WARN_STRICT_PROTOTYPES = YES;
				CLANG_WARN_SUSPICIOUS_MOVE = YES;
				CLANG_WARN_UNGUARDED_AVAILABILITY = YES_AGGRESSIVE;
				CLANG_WARN_UNREACHABLE_CODE = YES;
				CLANG_WARN__DUPLICATE_METHOD_MATCH = YES;
				COPY_PHASE_STRIP = NO;
				DEBUG_INFORMATION_FORMAT = dwarf;
				ENABLE_STRICT_OBJC_MSGSEND = YES;
				ENABLE_TESTABILITY = YES;
				GCC_C_LANGUAGE_STANDARD = gnu11;
				GCC_DYNAMIC_NO_PIC = NO;
				GCC_NO_COMMON_BLOCKS = YES;
				GCC_OPTIMIZATION_LEVEL = 0;
				GCC_PREPROCESSOR_DEFINITIONS = (
					"DEBUG=1",
					"$(inherited)",
				);
				GCC_WARN_64_TO_32_BIT_CONVERSION = YES;
				GCC_WARN_ABOUT_RETURN_TYPE = YES_ERROR;
				GCC_WARN_UNDECLARED_SELECTOR = YES;
				GCC_WARN_UNINITIALIZED_AUTOS = YES_AGGRESSIVE;
				GCC_WARN_UNUSED_FUNCTION = YES;
				GCC_WARN_UNUSED_VARIABLE = YES;
				IPHONEOS_DEPLOYMENT_TARGET = 14.4;
				MTL_ENABLE_DEBUG_INFO = INCLUDE_SOURCE;
				MTL_FAST_MATH = YES;
				ONLY_ACTIVE_ARCH = YES;
				SDKROOT = iphoneos;
				SWIFT_ACTIVE_COMPILATION_CONDITIONS = DEBUG;
				SWIFT_OPTIMIZATION_LEVEL = "-Onone";
			};
			name = Debug;
		};
		447AC93B25E0F60800B45793 /* Release */ = {
			isa = XCBuildConfiguration;
			buildSettings = {
				ALWAYS_SEARCH_USER_PATHS = NO;
				CLANG_ANALYZER_NONNULL = YES;
				CLANG_ANALYZER_NUMBER_OBJECT_CONVERSION = YES_AGGRESSIVE;
				CLANG_CXX_LANGUAGE_STANDARD = "gnu++14";
				CLANG_CXX_LIBRARY = "libc++";
				CLANG_ENABLE_MODULES = YES;
				CLANG_ENABLE_OBJC_ARC = YES;
				CLANG_ENABLE_OBJC_WEAK = YES;
				CLANG_WARN_BLOCK_CAPTURE_AUTORELEASING = YES;
				CLANG_WARN_BOOL_CONVERSION = YES;
				CLANG_WARN_COMMA = YES;
				CLANG_WARN_CONSTANT_CONVERSION = YES;
				CLANG_WARN_DEPRECATED_OBJC_IMPLEMENTATIONS = YES;
				CLANG_WARN_DIRECT_OBJC_ISA_USAGE = YES_ERROR;
				CLANG_WARN_DOCUMENTATION_COMMENTS = YES;
				CLANG_WARN_EMPTY_BODY = YES;
				CLANG_WARN_ENUM_CONVERSION = YES;
				CLANG_WARN_INFINITE_RECURSION = YES;
				CLANG_WARN_INT_CONVERSION = YES;
				CLANG_WARN_NON_LITERAL_NULL_CONVERSION = YES;
				CLANG_WARN_OBJC_IMPLICIT_RETAIN_SELF = YES;
				CLANG_WARN_OBJC_LITERAL_CONVERSION = YES;
				CLANG_WARN_OBJC_ROOT_CLASS = YES_ERROR;
				CLANG_WARN_QUOTED_INCLUDE_IN_FRAMEWORK_HEADER = YES;
				CLANG_WARN_RANGE_LOOP_ANALYSIS = YES;
				CLANG_WARN_STRICT_PROTOTYPES = YES;
				CLANG_WARN_SUSPICIOUS_MOVE = YES;
				CLANG_WARN_UNGUARDED_AVAILABILITY = YES_AGGRESSIVE;
				CLANG_WARN_UNREACHABLE_CODE = YES;
				CLANG_WARN__DUPLICATE_METHOD_MATCH = YES;
				COPY_PHASE_STRIP = NO;
				DEBUG_INFORMATION_FORMAT = "dwarf-with-dsym";
				ENABLE_NS_ASSERTIONS = NO;
				ENABLE_STRICT_OBJC_MSGSEND = YES;
				GCC_C_LANGUAGE_STANDARD = gnu11;
				GCC_NO_COMMON_BLOCKS = YES;
				GCC_WARN_64_TO_32_BIT_CONVERSION = YES;
				GCC_WARN_ABOUT_RETURN_TYPE = YES_ERROR;
				GCC_WARN_UNDECLARED_SELECTOR = YES;
				GCC_WARN_UNINITIALIZED_AUTOS = YES_AGGRESSIVE;
				GCC_WARN_UNUSED_FUNCTION = YES;
				GCC_WARN_UNUSED_VARIABLE = YES;
				IPHONEOS_DEPLOYMENT_TARGET = 14.4;
				MTL_ENABLE_DEBUG_INFO = NO;
				MTL_FAST_MATH = YES;
				SDKROOT = iphoneos;
				SWIFT_COMPILATION_MODE = wholemodule;
				SWIFT_OPTIMIZATION_LEVEL = "-O";
				VALIDATE_PRODUCT = YES;
			};
			name = Release;
		};
		447AC93D25E0F60800B45793 /* Debug */ = {
			isa = XCBuildConfiguration;
			buildSettings = {
				ASSETCATALOG_COMPILER_APPICON_NAME = AppIcon;
				ASSETCATALOG_COMPILER_GLOBAL_ACCENT_COLOR_NAME = AccentColor;
				CODE_SIGN_STYLE = Automatic;
				DEVELOPMENT_TEAM = B4ZUZW92WJ;
				INFOPLIST_FILE = "Go Green/Info.plist";
				LD_RUNPATH_SEARCH_PATHS = (
					"$(inherited)",
					"@executable_path/Frameworks",
				);
				PRODUCT_BUNDLE_IDENTIFIER = "com.alancao.Go-Green";
				PRODUCT_NAME = "$(TARGET_NAME)";
				SWIFT_VERSION = 5.0;
				TARGETED_DEVICE_FAMILY = "1,2";
			};
			name = Debug;
		};
		447AC93E25E0F60800B45793 /* Release */ = {
			isa = XCBuildConfiguration;
			buildSettings = {
				ASSETCATALOG_COMPILER_APPICON_NAME = AppIcon;
				ASSETCATALOG_COMPILER_GLOBAL_ACCENT_COLOR_NAME = AccentColor;
				CODE_SIGN_STYLE = Automatic;
				DEVELOPMENT_TEAM = B4ZUZW92WJ;
				INFOPLIST_FILE = "Go Green/Info.plist";
				LD_RUNPATH_SEARCH_PATHS = (
					"$(inherited)",
					"@executable_path/Frameworks",
				);
				PRODUCT_BUNDLE_IDENTIFIER = "com.alancao.Go-Green";
				PRODUCT_NAME = "$(TARGET_NAME)";
				SWIFT_VERSION = 5.0;
				TARGETED_DEVICE_FAMILY = "1,2";
			};
			name = Release;
		};
/* End XCBuildConfiguration section */

/* Begin XCConfigurationList section */
		447AC92325E0F60700B45793 /* Build configuration list for PBXProject "Go Green" */ = {
			isa = XCConfigurationList;
			buildConfigurations = (
				447AC93A25E0F60800B45793 /* Debug */,
				447AC93B25E0F60800B45793 /* Release */,
			);
			defaultConfigurationIsVisible = 0;
			defaultConfigurationName = Release;
		};
		447AC93C25E0F60800B45793 /* Build configuration list for PBXNativeTarget "Go Green" */ = {
			isa = XCConfigurationList;
			buildConfigurations = (
				447AC93D25E0F60800B45793 /* Debug */,
				447AC93E25E0F60800B45793 /* Release */,
			);
			defaultConfigurationIsVisible = 0;
			defaultConfigurationName = Release;
		};
/* End XCConfigurationList section */
	};
	rootObject = 447AC92025E0F60700B45793 /* Project object */;
}
